version = 1
revision = 3
requires-python = ">=3.12"

[[package]]
name = "chinese-calendar"
version = "0.1.0"
source = { virtual = "." }
dependencies = [
    { name = "ephem" },
    { name = "zhdate" },
]

[package.metadata]
requires-dist = [
    { name = "ephem", specifier = ">=4.2" },
    { name = "zhdate", specifier = ">=0.1" },
]

[[package]]
name = "ephem"
version = "4.2"
source = { registry = "https://pypi.org/simple" }
sdist = { url = "https://files.pythonhosted.org/packages/59/13/0d2c9525b1ba465e09af3f6585b3ac8fb0d66241b52f9f4f10118e323a9d/ephem-4.2.tar.gz", hash = "sha256:3c4fd64f453e8f40cf862420a70da95a71b6487ace75e8e0cf85d73707db6065", size = 1261100, upload-time = "2025-02-18T14:47:42.716Z" }
wheels = [
    { url = "https://files.pythonhosted.org/packages/83/e0/b87516791e03d854875d7ae6c806ad0cf0655f245e23a8a08793255be9d5/ephem-4.2-cp312-cp312-macosx_10_13_x86_64.whl", hash = "sha256:e6db15e4169f8a73827ab0eb3a5722bb9679781375384cdea5809cf325e13b14", size = 1429184, upload-time = "2025-02-18T14:45:33.783Z" },
    { url = "https://files.pythonhosted.org/packages/da/a1/0526c70fa48b9bf797a67acd4adc2976e8f5ba617b70f8b030b2adb21d4e/ephem-4.2-cp312-cp312-macosx_11_0_arm64.whl", hash = "sha256:10f561e488787b6fc9a689f1f926f51bb225bb91af18ed0b38e1c93ffa179d2e", size = 1432149, upload-time = "2025-02-18T14:45:35.422Z" },
    { url = "https://files.pythonhosted.org/packages/df/c1/d71067c75043764672b8204ae4088f43042775e0165cad88bca8738bd72a/ephem-4.2-cp312-cp312-manylinux_2_12_i686.manylinux2010_i686.manylinux_2_17_i686.manylinux2014_i686.whl", hash = "sha256:faf33b2b03e3b6cecff25b6cdb6fd3295908a8cea29b614beda5e36dc6f978a6", size = 1758869, upload-time = "2025-02-18T14:45:37.514Z" },
    { url = "https://files.pythonhosted.org/packages/2a/9b/59612065e27606ebf8edf2452e526dbc4677f9a55669d7b8a6e225e2df1f/ephem-4.2-cp312-cp312-manylinux_2_17_aarch64.manylinux2014_aarch64.whl", hash = "sha256:4765768de1cb0af0e179f3860e6fa0163e8a7d23faf2fa61fe113eee3748fe02", size = 1778659, upload-time = "2025-02-18T14:45:39.748Z" },
    { url = "https://files.pythonhosted.org/packages/77/a8/2b17efd7c621507d5d9e1ea52b63c391373226e1f6d1ebe0df79caad21ba/ephem-4.2-cp312-cp312-manylinux_2_17_s390x.manylinux2014_s390x.whl", hash = "sha256:d617510363d1d80d50cc601b477e4e817b83de311fea932d85bb9d87913b577a", size = 1788867, upload-time = "2025-02-18T14:45:41.101Z" },
    { url = "https://files.pythonhosted.org/packages/5e/f5/81c657c874e590adae61eeae26d8dbf181b513a2a869f76a1a41b4947c45/ephem-4.2-cp312-cp312-manylinux_2_17_x86_64.manylinux2014_x86_64.whl", hash = "sha256:65c4b960b556b1db868de77ddc7ecc9a554dd103a9d59a07321ee45657c32b3f", size = 1781181, upload-time = "2025-02-18T14:45:42.506Z" },
    { url = "https://files.pythonhosted.org/packages/4c/7d/11bf452e8af05ca74830eaeb6e9202702b15c830bf5a8602c2b58d3bf00e/ephem-4.2-cp312-cp312-musllinux_1_2_aarch64.whl", hash = "sha256:9a4e8b69803bff40ba56bb60d08e3e20c23f50bf2076cc8b8df371c92ab4418c", size = 1777417, upload-time = "2025-02-18T14:45:44.053Z" },
    { url = "https://files.pythonhosted.org/packages/85/70/5f67b859d3fa73412c98a00a019b368685028092865561cbb250cceb1ca9/ephem-4.2-cp312-cp312-musllinux_1_2_i686.whl", hash = "sha256:245accecb7050f3f0e495dbd49f58b38e63d70d1af2a034ba40038daa968925f", size = 1793456, upload-time = "2025-02-18T14:45:45.382Z" },
    { url = "https://files.pythonhosted.org/packages/cb/81/14c249d43cd7d623de88163e305760661e53ce1be82336082f5534b87d7d/ephem-4.2-cp312-cp312-musllinux_1_2_s390x.whl", hash = "sha256:bd7f93743ef79a88115d5106620827a108ca2afd83baae71d056f2f90ebb4e94", size = 1810915, upload-time = "2025-02-18T14:45:47.506Z" },
    { url = "https://files.pythonhosted.org/packages/d8/d7/8f84e7e03796abb6d6aeeef092cbdb8266b45d038eced545510f6de91d6b/ephem-4.2-cp312-cp312-musllinux_1_2_x86_64.whl", hash = "sha256:129fda6db42abb6baf4e55e953969ad923995dcaadacfc7d652e5ad6103d7ebe", size = 1779973, upload-time = "2025-02-18T14:45:48.952Z" },
    { url = "https://files.pythonhosted.org/packages/3e/b8/2d9f79fb5c23c28810807035431407b88641979523f80f3c767db16baa5f/ephem-4.2-cp312-cp312-win32.whl", hash = "sha256:323649d8fd4f34036b43a332c8457a9e711c91ac708e3d5238a379a704b53ffb", size = 1399413, upload-time = "2025-02-18T14:45:51.22Z" },
    { url = "https://files.pythonhosted.org/packages/b0/f9/2e0ed78baae25a91c066a04071a2bad5785e7e1a10f4d9a91796f4b6767f/ephem-4.2-cp312-cp312-win_amd64.whl", hash = "sha256:6d3a4b72e8dc3fe36680c3f150f0f98c9df3a97e85df1c37781a0c475c1f667a", size = 1416807, upload-time = "2025-02-18T14:45:54.538Z" },
    { url = "https://files.pythonhosted.org/packages/e5/39/15e87fa6a309909fe86c56372fcd887d104ead4f1267a4eef578ac4d7879/ephem-4.2-cp313-cp313-macosx_10_13_x86_64.whl", hash = "sha256:ea8d23e7d452537fbbe1da12891ccaea5bf890a0ae35007d6c773842ad08ec16", size = 1429158, upload-time = "2025-02-18T14:45:56.211Z" },
    { url = "https://files.pythonhosted.org/packages/f3/4e/57f8332d315159ecb7c00326719a29a04e60c9e62eeb6451250bd5ce9b36/ephem-4.2-cp313-cp313-macosx_11_0_arm64.whl", hash = "sha256:c7dcd7425cc82945b0d6cb31a0897aeae835d5e68082243e210b59036950b61e", size = 1432125, upload-time = "2025-02-18T14:45:57.548Z" },
    { url = "https://files.pythonhosted.org/packages/98/d1/1625108774a8b45efd46756b3e2be8197642f7a207202002facdb19a09f0/ephem-4.2-cp313-cp313-manylinux_2_12_i686.manylinux2010_i686.manylinux_2_17_i686.manylinux2014_i686.whl", hash = "sha256:797fb2a6ecef2866f7a2d57f897dfb9f34bea60462950b94a22935272f4d7e5c", size = 1758896, upload-time = "2025-02-18T14:45:58.842Z" },
    { url = "https://files.pythonhosted.org/packages/87/75/dd00e7b007da65c30eeb155856fc2bc1f75958e3c809fa0cf92be8665570/ephem-4.2-cp313-cp313-manylinux_2_17_aarch64.manylinux2014_aarch64.whl", hash = "sha256:68976d765a78ff3c534e11c8b9f87e83b67cacd461e7074664fb8a0c0b9ab341", size = 1778739, upload-time = "2025-02-18T14:46:00.42Z" },
    { url = "https://files.pythonhosted.org/packages/13/fa/747efd0e3cdb33215e436d75a43ca3055fefb99d48ddd05284c2adbc270a/ephem-4.2-cp313-cp313-manylinux_2_17_s390x.manylinux2014_s390x.whl", hash = "sha256:5c787ef694db5e56151595ec237f960836e672a8770b41f09f9c65c26133291b", size = 1788967, upload-time = "2025-02-18T14:46:01.807Z" },
    { url = "https://files.pythonhosted.org/packages/cf/3a/428b3588a82696486a3a40625341e30ee404cc18b94e2753120e14f32493/ephem-4.2-cp313-cp313-manylinux_2_17_x86_64.manylinux2014_x86_64.whl", hash = "sha256:0fbf26f0c99d7ba100df584cd4899044e582af57bbe313aecfecefd6ab389753", size = 1781222, upload-time = "2025-02-18T14:46:04.497Z" },
    { url = "https://files.pythonhosted.org/packages/2f/41/d28eb0103e1976702333e6ce9dbd3e3ec86d10bcfaa7e8ba324131945d7d/ephem-4.2-cp313-cp313-musllinux_1_2_aarch64.whl", hash = "sha256:4b1c87517be414f67c3b35c6dbd8bd7c28d664e06d857b4a4224511bdb06ad2e", size = 1777379, upload-time = "2025-02-18T14:46:07.018Z" },
    { url = "https://files.pythonhosted.org/packages/61/fe/a5510b8b96bc44a1d6a47fd43a30131fe054df6fa9f81abecf7a9ddb3f23/ephem-4.2-cp313-cp313-musllinux_1_2_i686.whl", hash = "sha256:599df915cd37dae047e4d885885afff23102d33a33f9900ae95c11195cbe83cb", size = 1793525, upload-time = "2025-02-18T14:46:08.433Z" },
    { url = "https://files.pythonhosted.org/packages/28/1e/36585a5b3474a5f1c068d5a4f21537016c225835d7a9c987df125c83d3ec/ephem-4.2-cp313-cp313-musllinux_1_2_s390x.whl", hash = "sha256:38a74e63cfb6fcee6b23ad183c6d02da0c0113ae7ad4f433422a15e401c3aa92", size = 1810985, upload-time = "2025-02-18T14:46:09.853Z" },
    { url = "https://files.pythonhosted.org/packages/ff/4a/f0735480dad37a82c19e2d3f74f6511ebda30fc5e68f2e019381ae78e1c2/ephem-4.2-cp313-cp313-musllinux_1_2_x86_64.whl", hash = "sha256:e9083fe4144478a43fbba07169957b6eb3797fd97955145dd614eaa0a934ad79", size = 1780078, upload-time = "2025-02-18T14:46:11.305Z" },
    { url = "https://files.pythonhosted.org/packages/e1/7b/eaa550cfda799265edf5517ee7c450f770c4ee8645d52113a0511eec3d31/ephem-4.2-cp313-cp313-win32.whl", hash = "sha256:94cad00341ed5367144f3dfec98b6a33f285b5eb5c35971f697f8cac14f12a00", size = 1399409, upload-time = "2025-02-18T14:46:12.76Z" },
    { url = "https://files.pythonhosted.org/packages/06/25/026e15571373559ed4c8755bd88506a783f4204df3fbdead1748150f0a37/ephem-4.2-cp313-cp313-win_amd64.whl", hash = "sha256:9f72002f2f6dd8ad838fcbe7b4e9bdf8daadfe3e7093383336a234da458c77a5", size = 1416813, upload-time = "2025-02-18T14:46:14.2Z" },
]

[[package]]
name = "zhdate"
version = "0.1"
source = { registry = "https://pypi.org/simple" }
sdist = { url = "https://files.pythonhosted.org/packages/67/64/7ba359eab7f61a4852a5125da723544a99d27d37d89b0e3608177195a1cb/zhdate-0.1.tar.gz", hash = "sha256:cf54c07a9a9a027db3a970f7477b7eb7962a0fc0d5f5d5d284a76e953e68993c", size = 6598, upload-time = "2019-02-18T22:48:39.672Z" }
wheels = [
    { url = "https://files.pythonhosted.org/packages/e5/5e/5ddf769b1ca31d1e997b94a390279da6892c99702593c1feedb93a70f508/zhdate-0.1-py3-none-any.whl", hash = "sha256:d003657bf49d6722c4c3adcb9a91722f6de1077bf3be0e54c0f4492b5e028fa4", size = 19442, upload-time = "2019-02-18T22:48:37.629Z" },
]
